// !$*UTF8*$!
{
	archiveVersion = 1;
	classes = {
	};
	objectVersion = 46;
	objects = {

/* Begin PBXBuildFile section */
		B62D921616EFEE4600E500CD /* UIKit.framework in Frameworks */ = {isa = PBXBuildFile; fileRef = B62D921516EFEE4600E500CD /* UIKit.framework */; };
		B62D921816EFEE4600E500CD /* Foundation.framework in Frameworks */ = {isa = PBXBuildFile; fileRef = B62D921716EFEE4600E500CD /* Foundation.framework */; };
		B62D921A16EFEE4600E500CD /* CoreGraphics.framework in Frameworks */ = {isa = PBXBuildFile; fileRef = B62D921916EFEE4600E500CD /* CoreGraphics.framework */; };
		B62D922016EFEE4600E500CD /* InfoPlist.strings in Resources */ = {isa = PBXBuildFile; fileRef = B62D921E16EFEE4600E500CD /* InfoPlist.strings */; };
		B62D922216EFEE4600E500CD /* main.m in Sources */ = {isa = PBXBuildFile; fileRef = B62D922116EFEE4600E500CD /* main.m */; };
		B62D922616EFEE4600E500CD /* sAppDelegate.m in Sources */ = {isa = PBXBuildFile; fileRef = B62D922516EFEE4600E500CD /* sAppDelegate.m */; };
		B62D922816EFEE4600E500CD /* Default.png in Resources */ = {isa = PBXBuildFile; fileRef = B62D922716EFEE4600E500CD /* Default.png */; };
		B62D922A16EFEE4600E500CD /* Default@2x.png in Resources */ = {isa = PBXBuildFile; fileRef = B62D922916EFEE4600E500CD /* Default@2x.png */; };
		B62D922C16EFEE4600E500CD /* Default-568h@2x.png in Resources */ = {isa = PBXBuildFile; fileRef = B62D922B16EFEE4600E500CD /* Default-568h@2x.png */; };
		B62D922F16EFEE4600E500CD /* MainStoryboard.storyboard in Resources */ = {isa = PBXBuildFile; fileRef = B62D922D16EFEE4600E500CD /* MainStoryboard.storyboard */; };
		B62D923216EFEE4600E500CD /* sViewController.m in Sources */ = {isa = PBXBuildFile; fileRef = B62D923116EFEE4600E500CD /* sViewController.m */; };
		B62D923A16EFEE4700E500CD /* SenTestingKit.framework in Frameworks */ = {isa = PBXBuildFile; fileRef = B62D923916EFEE4700E500CD /* SenTestingKit.framework */; };
		B62D923B16EFEE4700E500CD /* UIKit.framework in Frameworks */ = {isa = PBXBuildFile; fileRef = B62D921516EFEE4600E500CD /* UIKit.framework */; };
		B62D923C16EFEE4700E500CD /* Foundation.framework in Frameworks */ = {isa = PBXBuildFile; fileRef = B62D921716EFEE4600E500CD /* Foundation.framework */; };
		B62D924416EFEE4700E500CD /* InfoPlist.strings in Resources */ = {isa = PBXBuildFile; fileRef = B62D924216EFEE4700E500CD /* InfoPlist.strings */; };
		B62D924716EFEE4700E500CD /* firstAppTests.m in Sources */ = {isa = PBXBuildFile; fileRef = B62D924616EFEE4700E500CD /* firstAppTests.m */; };
/* End PBXBuildFile section */

/* Begin PBXContainerItemProxy section */
		B62D923D16EFEE4700E500CD /* PBXContainerItemProxy */ = {
			isa = PBXContainerItemProxy;
			containerPortal = B62D920A16EFEE4600E500CD /* Project object */;
			proxyType = 1;
			remoteGlobalIDString = B62D921116EFEE4600E500CD;
			remoteInfo = firstApp;
		};
/* End PBXContainerItemProxy section */

/* Begin PBXFileReference section */
		B62D921216EFEE4600E500CD /* firstApp.app */ = {isa = PBXFileReference; explicitFileType = wrapper.application; includeInIndex = 0; path = firstApp.app; sourceTree = BUILT_PRODUCTS_DIR; };
		B62D921516EFEE4600E500CD /* UIKit.framework */ = {isa = PBXFileReference; lastKnownFileType = wrapper.framework; name = UIKit.framework; path = System/Library/Frameworks/UIKit.framework; sourceTree = SDKROOT; };
		B62D921716EFEE4600E500CD /* Foundation.framework */ = {isa = PBXFileReference; lastKnownFileType = wrapper.framework; name = Foundation.framework; path = System/Library/Frameworks/Foundation.framework; sourceTree = SDKROOT; };
		B62D921916EFEE4600E500CD /* CoreGraphics.framework */ = {isa = PBXFileReference; lastKnownFileType = wrapper.framework; name = CoreGraphics.framework; path = System/Library/Frameworks/CoreGraphics.framework; sourceTree = SDKROOT; };
		B62D921D16EFEE4600E500CD /* firstApp-Info.plist */ = {isa = PBXFileReference; lastKnownFileType = text.plist.xml; path = "firstApp-Info.plist"; sourceTree = "<group>"; };
		B62D921F16EFEE4600E500CD /* en */ = {isa = PBXFileReference; lastKnownFileType = text.plist.strings; name = en; path = en.lproj/InfoPlist.strings; sourceTree = "<group>"; };
		B62D922116EFEE4600E500CD /* main.m */ = {isa = PBXFileReference; lastKnownFileType = sourcecode.c.objc; path = main.m; sourceTree = "<group>"; };
		B62D922316EFEE4600E500CD /* firstApp-Prefix.pch */ = {isa = PBXFileReference; lastKnownFileType = sourcecode.c.h; path = "firstApp-Prefix.pch"; sourceTree = "<group>"; };
		B62D922416EFEE4600E500CD /* sAppDelegate.h */ = {isa = PBXFileReference; lastKnownFileType = sourcecode.c.h; path = sAppDelegate.h; sourceTree = "<group>"; };
		B62D922516EFEE4600E500CD /* sAppDelegate.m */ = {isa = PBXFileReference; lastKnownFileType = sourcecode.c.objc; path = sAppDelegate.m; sourceTree = "<group>"; };
		B62D922716EFEE4600E500CD /* Default.png */ = {isa = PBXFileReference; lastKnownFileType = image.png; path = Default.png; sourceTree = "<group>"; };
		B62D922916EFEE4600E500CD /* Default@2x.png */ = {isa = PBXFileReference; lastKnownFileType = image.png; path = "Default@2x.png"; sourceTree = "<group>"; };
		B62D922B16EFEE4600E500CD /* Default-568h@2x.png */ = {isa = PBXFileReference; lastKnownFileType = image.png; path = "Default-568h@2x.png"; sourceTree = "<group>"; };
		B62D922E16EFEE4600E500CD /* en */ = {isa = PBXFileReference; lastKnownFileType = file.storyboard; name = en; path = en.lproj/MainStoryboard.storyboard; sourceTree = "<group>"; };
		B62D923016EFEE4600E500CD /* sViewController.h */ = {isa = PBXFileReference; lastKnownFileType = sourcecode.c.h; path = sViewController.h; sourceTree = "<group>"; };
		B62D923116EFEE4600E500CD /* sViewController.m */ = {isa = PBXFileReference; lastKnownFileType = sourcecode.c.objc; path = sViewController.m; sourceTree = "<group>"; };
		B62D923816EFEE4700E500CD /* firstAppTests.octest */ = {isa = PBXFileReference; explicitFileType = wrapper.cfbundle; includeInIndex = 0; path = firstAppTests.octest; sourceTree = BUILT_PRODUCTS_DIR; };
		B62D923916EFEE4700E500CD /* SenTestingKit.framework */ = {isa = PBXFileReference; lastKnownFileType = wrapper.framework; name = SenTestingKit.framework; path = Library/Frameworks/SenTestingKit.framework; sourceTree = DEVELOPER_DIR; };
		B62D924116EFEE4700E500CD /* firstAppTests-Info.plist */ = {isa = PBXFileReference; lastKnownFileType = text.plist.xml; path = "firstAppTests-Info.plist"; sourceTree = "<group>"; };
		B62D924316EFEE4700E500CD /* en */ = {isa = PBXFileReference; lastKnownFileType = text.plist.strings; name = en; path = en.lproj/InfoPlist.strings; sourceTree = "<group>"; };
		B62D924516EFEE4700E500CD /* firstAppTests.h */ = {isa = PBXFileReference; lastKnownFileType = sourcecode.c.h; path = firstAppTests.h; sourceTree = "<group>"; };
		B62D924616EFEE4700E500CD /* firstAppTests.m */ = {isa = PBXFileReference; lastKnownFileType = sourcecode.c.objc; path = firstAppTests.m; sourceTree = "<group>"; };
/* End PBXFileReference section */

/* Begin PBXFrameworksBuildPhase section */
		B62D920F16EFEE4600E500CD /* Frameworks */ = {
			isa = PBXFrameworksBuildPhase;
			buildActionMask = 2147483647;
			files = (
				B62D921616EFEE4600E500CD /* UIKit.framework in Frameworks */,
				B62D921816EFEE4600E500CD /* Foundation.framework in Frameworks */,
				B62D921A16EFEE4600E500CD /* CoreGraphics.framework in Frameworks */,
			);
			runOnlyForDeploymentPostprocessing = 0;
		};
		B62D923416EFEE4700E500CD /* Frameworks */ = {
			isa = PBXFrameworksBuildPhase;
			buildActionMask = 2147483647;
			files = (
				B62D923A16EFEE4700E500CD /* SenTestingKit.framework in Frameworks */,
				B62D923B16EFEE4700E500CD /* UIKit.framework in Frameworks */,
				B62D923C16EFEE4700E500CD /* Foundation.framework in Frameworks */,
			);
			runOnlyForDeploymentPostprocessing = 0;
		};
/* End PBXFrameworksBuildPhase section */

/* Begin PBXGroup section */
		B62D920916EFEE4600E500CD = {
			isa = PBXGroup;
			children = (
				B62D921B16EFEE4600E500CD /* firstApp */,
				B62D923F16EFEE4700E500CD /* firstAppTests */,
				B62D921416EFEE4600E500CD /* Frameworks */,
				B62D921316EFEE4600E500CD /* Products */,
			);
			sourceTree = "<group>";
		};
		B62D921316EFEE4600E500CD /* Products */ = {
			isa = PBXGroup;
			children = (
				B62D921216EFEE4600E500CD /* firstApp.app */,
				B62D923816EFEE4700E500CD /* firstAppTests.octest */,
			);
			name = Products;
			sourceTree = "<group>";
		};
		B62D921416EFEE4600E500CD /* Frameworks */ = {
			isa = PBXGroup;
			children = (
				B62D921516EFEE4600E500CD /* UIKit.framework */,
				B62D921716EFEE4600E500CD /* Foundation.framework */,
				B62D921916EFEE4600E500CD /* CoreGraphics.framework */,
				B62D923916EFEE4700E500CD /* SenTestingKit.framework */,
			);
			name = Frameworks;
			sourceTree = "<group>";
		};
		B62D921B16EFEE4600E500CD /* firstApp */ = {
			isa = PBXGroup;
			children = (
				B62D922416EFEE4600E500CD /* sAppDelegate.h */,
				B62D922516EFEE4600E500CD /* sAppDelegate.m */,
				B62D922D16EFEE4600E500CD /* MainStoryboard.storyboard */,
				B62D923016EFEE4600E500CD /* sViewController.h */,
				B62D923116EFEE4600E500CD /* sViewController.m */,
				B62D921C16EFEE4600E500CD /* Supporting Files */,
			);
			path = firstApp;
			sourceTree = "<group>";
		};
		B62D921C16EFEE4600E500CD /* Supporting Files */ = {
			isa = PBXGroup;
			children = (
				B62D921D16EFEE4600E500CD /* firstApp-Info.plist */,
				B62D921E16EFEE4600E500CD /* InfoPlist.strings */,
				B62D922116EFEE4600E500CD /* main.m */,
				B62D922316EFEE4600E500CD /* firstApp-Prefix.pch */,
				B62D922716EFEE4600E500CD /* Default.png */,
				B62D922916EFEE4600E500CD /* Default@2x.png */,
				B62D922B16EFEE4600E500CD /* Default-568h@2x.png */,
			);
			name = "Supporting Files";
			sourceTree = "<group>";
		};
		B62D923F16EFEE4700E500CD /* firstAppTests */ = {
			isa = PBXGroup;
			children = (
				B62D924516EFEE4700E500CD /* firstAppTests.h */,
				B62D924616EFEE4700E500CD /* firstAppTests.m */,
				B62D924016EFEE4700E500CD /* Supporting Files */,
			);
			path = firstAppTests;
			sourceTree = "<group>";
		};
		B62D924016EFEE4700E500CD /* Supporting Files */ = {
			isa = PBXGroup;
			children = (
				B62D924116EFEE4700E500CD /* firstAppTests-Info.plist */,
				B62D924216EFEE4700E500CD /* InfoPlist.strings */,
			);
			name = "Supporting Files";
			sourceTree = "<group>";
		};
/* End PBXGroup section */

/* Begin PBXNativeTarget section */
		B62D921116EFEE4600E500CD /* firstApp */ = {
			isa = PBXNativeTarget;
			buildConfigurationList = B62D924A16EFEE4700E500CD /* Build configuration list for PBXNativeTarget "firstApp" */;
			buildPhases = (
				B62D920E16EFEE4600E500CD /* Sources */,
				B62D920F16EFEE4600E500CD /* Frameworks */,
				B62D921016EFEE4600E500CD /* Resources */,
			);
			buildRules = (
			);
			dependencies = (
			);
			name = firstApp;
			productName = firstApp;
			productReference = B62D921216EFEE4600E500CD /* firstApp.app */;
			productType = "com.apple.product-type.application";
		};
		B62D923716EFEE4700E500CD /* firstAppTests */ = {
			isa = PBXNativeTarget;
			buildConfigurationList = B62D924D16EFEE4700E500CD /* Build configuration list for PBXNativeTarget "firstAppTests" */;
			buildPhases = (
				B62D923316EFEE4700E500CD /* Sources */,
				B62D923416EFEE4700E500CD /* Frameworks */,
				B62D923516EFEE4700E500CD /* Resources */,
				B62D923616EFEE4700E500CD /* ShellScript */,
			);
			buildRules = (
			);
			dependencies = (
				B62D923E16EFEE4700E500CD /* PBXTargetDependency */,
			);
			name = firstAppTests;
			productName = firstAppTests;
			productReference = B62D923816EFEE4700E500CD /* firstAppTests.octest */;
			productType = "com.apple.product-type.bundle";
		};
/* End PBXNativeTarget section */

/* Begin PBXProject section */
		B62D920A16EFEE4600E500CD /* Project object */ = {
			isa = PBXProject;
			attributes = {
				CLASSPREFIX = s;
				LastUpgradeCheck = 0460;
				ORGANIZATIONNAME = "Vladislav Petrov";
			};
			buildConfigurationList = B62D920D16EFEE4600E500CD /* Build configuration list for PBXProject "firstApp" */;
			compatibilityVersion = "Xcode 3.2";
			developmentRegion = English;
			hasScannedForEncodings = 0;
			knownRegions = (
				en,
			);
			mainGroup = B62D920916EFEE4600E500CD;
			productRefGroup = B62D921316EFEE4600E500CD /* Products */;
			projectDirPath = "";
			projectRoot = "";
			targets = (
				B62D921116EFEE4600E500CD /* firstApp */,
				B62D923716EFEE4700E500CD /* firstAppTests */,
			);
		};
/* End PBXProject section */

/* Begin PBXResourcesBuildPhase section */
		B62D921016EFEE4600E500CD /* Resources */ = {
			isa = PBXResourcesBuildPhase;
			buildActionMask = 2147483647;
			files = (
				B62D922016EFEE4600E500CD /* InfoPlist.strings in Resources */,
				B62D922816EFEE4600E500CD /* Default.png in Resources */,
				B62D922A16EFEE4600E500CD /* Default@2x.png in Resources */,
				B62D922C16EFEE4600E500CD /* Default-568h@2x.png in Resources */,
				B62D922F16EFEE4600E500CD /* MainStoryboard.storyboard in Resources */,
			);
			runOnlyForDeploymentPostprocessing = 0;
		};
		B62D923516EFEE4700E500CD /* Resources */ = {
			isa = PBXResourcesBuildPhase;
			buildActionMask = 2147483647;
			files = (
				B62D924416EFEE4700E500CD /* InfoPlist.strings in Resources */,
			);
			runOnlyForDeploymentPostprocessing = 0;
		};
/* End PBXResourcesBuildPhase section */

/* Begin PBXShellScriptBuildPhase section */
		B62D923616EFEE4700E500CD /* ShellScript */ = {
			isa = PBXShellScriptBuildPhase;
			buildActionMask = 2147483647;
			files = (
			);
			inputPaths = (
			);
			outputPaths = (
			);
			runOnlyForDeploymentPostprocessing = 0;
			shellPath = /bin/sh;
			shellScript = "# Run the unit tests in this test bundle.\n\"${SYSTEM_DEVELOPER_DIR}/Tools/RunUnitTests\"\n";
		};
/* End PBXShellScriptBuildPhase section */

/* Begin PBXSourcesBuildPhase section */
		B62D920E16EFEE4600E500CD /* Sources */ = {
			isa = PBXSourcesBuildPhase;
			buildActionMask = 2147483647;
			files = (
				B62D922216EFEE4600E500CD /* main.m in Sources */,
				B62D922616EFEE4600E500CD /* sAppDelegate.m in Sources */,
				B62D923216EFEE4600E500CD /* sViewController.m in Sources */,
			);
			runOnlyForDeploymentPostprocessing = 0;
		};
		B62D923316EFEE4700E500CD /* Sources */ = {
			isa = PBXSourcesBuildPhase;
			buildActionMask = 2147483647;
			files = (
				B62D924716EFEE4700E500CD /* firstAppTests.m in Sources */,
			);
			runOnlyForDeploymentPostprocessing = 0;
		};
/* End PBXSourcesBuildPhase section */

/* Begin PBXTargetDependency section */
		B62D923E16EFEE4700E500CD /* PBXTargetDependency */ = {
			isa = PBXTargetDependency;
			target = B62D921116EFEE4600E500CD /* firstApp */;
			targetProxy = B62D923D16EFEE4700E500CD /* PBXContainerItemProxy */;
		};
/* End PBXTargetDependency section */

/* Begin PBXVariantGroup section */
		B62D921E16EFEE4600E500CD /* InfoPlist.strings */ = {
			isa = PBXVariantGroup;
			children = (
				B62D921F16EFEE4600E500CD /* en */,
			);
			name = InfoPlist.strings;
			sourceTree = "<group>";
		};
		B62D922D16EFEE4600E500CD /* MainStoryboard.storyboard */ = {
			isa = PBXVariantGroup;
			children = (
				B62D922E16EFEE4600E500CD /* en */,
			);
			name = MainStoryboard.storyboard;
			sourceTree = "<group>";
		};
		B62D924216EFEE4700E500CD /* InfoPlist.strings */ = {
			isa = PBXVariantGroup;
			children = (
				B62D924316EFEE4700E500CD /* en */,
			);
			name = InfoPlist.strings;
			sourceTree = "<group>";
		};
/* End PBXVariantGroup section */

/* Begin XCBuildConfiguration section */
		B62D924816EFEE4700E500CD /* Debug */ = {
			isa = XCBuildConfiguration;
			buildSettings = {
				ALWAYS_SEARCH_USER_PATHS = NO;
				CLANG_CXX_LANGUAGE_STANDARD = "gnu++0x";
				CLANG_CXX_LIBRARY = "libc++";
				CLANG_WARN_CONSTANT_CONVERSION = YES;
				CLANG_WARN_EMPTY_BODY = YES;
				CLANG_WARN_ENUM_CONVERSION = YES;
				CLANG_WARN_INT_CONVERSION = YES;
				CLANG_WARN__DUPLICATE_METHOD_MATCH = YES;
				"CODE_SIGN_IDENTITY[sdk=iphoneos*]" = "iPhone Developer";
				COPY_PHASE_STRIP = NO;
				GCC_C_LANGUAGE_STANDARD = gnu99;
				GCC_DYNAMIC_NO_PIC = NO;
				GCC_OPTIMIZATION_LEVEL = 0;
				GCC_PREPROCESSOR_DEFINITIONS = (
					"DEBUG=1",
					"$(inherited)",
				);
				GCC_SYMBOLS_PRIVATE_EXTERN = NO;
				GCC_WARN_ABOUT_RETURN_TYPE = YES;
				GCC_WARN_UNINITIALIZED_AUTOS = YES;
				GCC_WARN_UNUSED_VARIABLE = YES;
				IPHONEOS_DEPLOYMENT_TARGET = 6.1;
				ONLY_ACTIVE_ARCH = YES;
				SDKROOT = iphoneos;
				TARGETED_DEVICE_FAMILY = 2;
			};
			name = Debug;
		};
		B62D924916EFEE4700E500CD /* Release */ = {
			isa = XCBuildConfiguration;
			buildSettings = {
				ALWAYS_SEARCH_USER_PATHS = NO;
				CLANG_CXX_LANGUAGE_STANDARD = "gnu++0x";
				CLANG_CXX_LIBRARY = "libc++";
				CLANG_WARN_CONSTANT_CONVERSION = YES;
				CLANG_WARN_EMPTY_BODY = YES;
				CLANG_WARN_ENUM_CONVERSION = YES;
				CLANG_WARN_INT_CONVERSION = YES;
				CLANG_WARN__DUPLICATE_METHOD_MATCH = YES;
				"CODE_SIGN_IDENTITY[sdk=iphoneos*]" = "iPhone Developer";
				COPY_PHASE_STRIP = YES;
				GCC_C_LANGUAGE_STANDARD = gnu99;
				GCC_WARN_ABOUT_RETURN_TYPE = YES;
				GCC_WARN_UNINITIALIZED_AUTOS = YES;
				GCC_WARN_UNUSED_VARIABLE = YES;
				IPHONEOS_DEPLOYMENT_TARGET = 6.1;
				OTHER_CFLAGS = "-DNS_BLOCK_ASSERTIONS=1";
				SDKROOT = iphoneos;
				TARGETED_DEVICE_FAMILY = 2;
				VALIDATE_PRODUCT = YES;
			};
			name = Release;
		};
		B62D924B16EFEE4700E500CD /* Debug */ = {
			isa = XCBuildConfiguration;
			buildSettings = {
				GCC_PRECOMPILE_PREFIX_HEADER = YES;
				GCC_PREFIX_HEADER = "firstApp/firstApp-Prefix.pch";
				INFOPLIST_FILE = "firstApp/firstApp-Info.plist";
				PRODUCT_NAME = "$(TARGET_NAME)";
				WRAPPER_EXTENSION = app;
			};
			name = Debug;
		};
		B62D924C16EFEE4700E500CD /* Release */ = {
			isa = XCBuildConfiguration;
			buildSettings = {
				GCC_PRECOMPILE_PREFIX_HEADER = YES;
				GCC_PREFIX_HEADER = "firstApp/firstApp-Prefix.pch";
				INFOPLIST_FILE = "firstApp/firstApp-Info.plist";
				PRODUCT_NAME = "$(TARGET_NAME)";
				WRAPPER_EXTENSION = app;
			};
			name = Release;
		};
		B62D924E16EFEE4700E500CD /* Debug */ = {
			isa = XCBuildConfiguration;
			buildSettings = {
				BUNDLE_LOADER = "$(BUILT_PRODUCTS_DIR)/firstApp.app/firstApp";
				FRAMEWORK_SEARCH_PATHS = (
					"\"$(SDKROOT)/Developer/Library/Frameworks\"",
					"\"$(DEVELOPER_LIBRARY_DIR)/Frameworks\"",
				);
				GCC_PRECOMPILE_PREFIX_HEADER = YES;
				GCC_PREFIX_HEADER = "firstApp/firstApp-Prefix.pch";
				INFOPLIST_FILE = "firstAppTests/firstAppTests-Info.plist";
				PRODUCT_NAME = "$(TARGET_NAME)";
				TEST_HOST = "$(BUNDLE_LOADER)";
				WRAPPER_EXTENSION = octest;
			};
			name = Debug;
		};
		B62D924F16EFEE4700E500CD /* Release */ = {
			isa = XCBuildConfiguration;
			buildSettings = {
				BUNDLE_LOADER = "$(BUILT_PRODUCTS_DIR)/firstApp.app/firstApp";
				FRAMEWORK_SEARCH_PATHS = (
					"\"$(SDKROOT)/Developer/Library/Frameworks\"",
					"\"$(DEVELOPER_LIBRARY_DIR)/Frameworks\"",
				);
				GCC_PRECOMPILE_PREFIX_HEADER = YES;
				GCC_PREFIX_HEADER = "firstApp/firstApp-Prefix.pch";
				INFOPLIST_FILE = "firstAppTests/firstAppTests-Info.plist";
				PRODUCT_NAME = "$(TARGET_NAME)";
				TEST_HOST = "$(BUNDLE_LOADER)";
				WRAPPER_EXTENSION = octest;
			};
			name = Release;
		};
/* End XCBuildConfiguration section */

/* Begin XCConfigurationList section */
		B62D920D16EFEE4600E500CD /* Build configuration list for PBXProject "firstApp" */ = {
			isa = XCConfigurationList;
			buildConfigurations = (
				B62D924816EFEE4700E500CD /* Debug */,
				B62D924916EFEE4700E500CD /* Release */,
			);
			defaultConfigurationIsVisible = 0;
			defaultConfigurationName = Release;
		};
		B62D924A16EFEE4700E500CD /* Build configuration list for PBXNativeTarget "firstApp" */ = {
			isa = XCConfigurationList;
			buildConfigurations = (
				B62D924B16EFEE4700E500CD /* Debug */,
				B62D924C16EFEE4700E500CD /* Release */,
			);
			defaultConfigurationIsVisible = 0;
		};
		B62D924D16EFEE4700E500CD /* Build configuration list for PBXNativeTarget "firstAppTests" */ = {
			isa = XCConfigurationList;
			buildConfigurations = (
				B62D924E16EFEE4700E500CD /* Debug */,
				B62D924F16EFEE4700E500CD /* Release */,
			);
			defaultConfigurationIsVisible = 0;
		};
/* End XCConfigurationList section */
	};
	rootObject = B62D920A16EFEE4600E500CD /* Project object */;
}
