// !$*UTF8*$!
{
	archiveVersion = 1;
	classes = {
	};
	objectVersion = 46;
	objects = {

/* Begin PBXBuildFile section */
		B621AB0A16F51D5100B853E4 /* UIKit.framework in Frameworks */ = {isa = PBXBuildFile; fileRef = B621AB0916F51D5100B853E4 /* UIKit.framework */; };
		B621AB0C16F51D5100B853E4 /* Foundation.framework in Frameworks */ = {isa = PBXBuildFile; fileRef = B621AB0B16F51D5100B853E4 /* Foundation.framework */; };
		B621AB0E16F51D5100B853E4 /* CoreGraphics.framework in Frameworks */ = {isa = PBXBuildFile; fileRef = B621AB0D16F51D5100B853E4 /* CoreGraphics.framework */; };
		B621AB1416F51D5100B853E4 /* InfoPlist.strings in Resources */ = {isa = PBXBuildFile; fileRef = B621AB1216F51D5100B853E4 /* InfoPlist.strings */; };
		B621AB1616F51D5100B853E4 /* main.m in Sources */ = {isa = PBXBuildFile; fileRef = B621AB1516F51D5100B853E4 /* main.m */; };
		B621AB1A16F51D5100B853E4 /* sAppDelegate.m in Sources */ = {isa = PBXBuildFile; fileRef = B621AB1916F51D5100B853E4 /* sAppDelegate.m */; };
		B621AB1C16F51D5100B853E4 /* Default.png in Resources */ = {isa = PBXBuildFile; fileRef = B621AB1B16F51D5100B853E4 /* Default.png */; };
		B621AB1E16F51D5100B853E4 /* Default@2x.png in Resources */ = {isa = PBXBuildFile; fileRef = B621AB1D16F51D5100B853E4 /* Default@2x.png */; };
		B621AB2016F51D5100B853E4 /* Default-568h@2x.png in Resources */ = {isa = PBXBuildFile; fileRef = B621AB1F16F51D5100B853E4 /* Default-568h@2x.png */; };
		B621AB2316F51D5100B853E4 /* MainStoryboard.storyboard in Resources */ = {isa = PBXBuildFile; fileRef = B621AB2116F51D5100B853E4 /* MainStoryboard.storyboard */; };
		B621AB2616F51D5100B853E4 /* sViewController.m in Sources */ = {isa = PBXBuildFile; fileRef = B621AB2516F51D5100B853E4 /* sViewController.m */; };
		B621AB2E16F51D5100B853E4 /* SenTestingKit.framework in Frameworks */ = {isa = PBXBuildFile; fileRef = B621AB2D16F51D5100B853E4 /* SenTestingKit.framework */; };
		B621AB2F16F51D5100B853E4 /* UIKit.framework in Frameworks */ = {isa = PBXBuildFile; fileRef = B621AB0916F51D5100B853E4 /* UIKit.framework */; };
		B621AB3016F51D5100B853E4 /* Foundation.framework in Frameworks */ = {isa = PBXBuildFile; fileRef = B621AB0B16F51D5100B853E4 /* Foundation.framework */; };
		B621AB3816F51D5100B853E4 /* InfoPlist.strings in Resources */ = {isa = PBXBuildFile; fileRef = B621AB3616F51D5100B853E4 /* InfoPlist.strings */; };
		B621AB3B16F51D5100B853E4 /* FirstTests.m in Sources */ = {isa = PBXBuildFile; fileRef = B621AB3A16F51D5100B853E4 /* FirstTests.m */; };
/* End PBXBuildFile section */

/* Begin PBXContainerItemProxy section */
		B621AB3116F51D5100B853E4 /* PBXContainerItemProxy */ = {
			isa = PBXContainerItemProxy;
			containerPortal = B621AAFE16F51D5100B853E4 /* Project object */;
			proxyType = 1;
			remoteGlobalIDString = B621AB0516F51D5100B853E4;
			remoteInfo = First;
		};
/* End PBXContainerItemProxy section */

/* Begin PBXFileReference section */
		B621AB0616F51D5100B853E4 /* First.app */ = {isa = PBXFileReference; explicitFileType = wrapper.application; includeInIndex = 0; path = First.app; sourceTree = BUILT_PRODUCTS_DIR; };
		B621AB0916F51D5100B853E4 /* UIKit.framework */ = {isa = PBXFileReference; lastKnownFileType = wrapper.framework; name = UIKit.framework; path = System/Library/Frameworks/UIKit.framework; sourceTree = SDKROOT; };
		B621AB0B16F51D5100B853E4 /* Foundation.framework */ = {isa = PBXFileReference; lastKnownFileType = wrapper.framework; name = Foundation.framework; path = System/Library/Frameworks/Foundation.framework; sourceTree = SDKROOT; };
		B621AB0D16F51D5100B853E4 /* CoreGraphics.framework */ = {isa = PBXFileReference; lastKnownFileType = wrapper.framework; name = CoreGraphics.framework; path = System/Library/Frameworks/CoreGraphics.framework; sourceTree = SDKROOT; };
		B621AB1116F51D5100B853E4 /* First-Info.plist */ = {isa = PBXFileReference; lastKnownFileType = text.plist.xml; path = "First-Info.plist"; sourceTree = "<group>"; };
		B621AB1316F51D5100B853E4 /* en */ = {isa = PBXFileReference; lastKnownFileType = text.plist.strings; name = en; path = en.lproj/InfoPlist.strings; sourceTree = "<group>"; };
		B621AB1516F51D5100B853E4 /* main.m */ = {isa = PBXFileReference; lastKnownFileType = sourcecode.c.objc; path = main.m; sourceTree = "<group>"; };
		B621AB1716F51D5100B853E4 /* First-Prefix.pch */ = {isa = PBXFileReference; lastKnownFileType = sourcecode.c.h; path = "First-Prefix.pch"; sourceTree = "<group>"; };
		B621AB1816F51D5100B853E4 /* sAppDelegate.h */ = {isa = PBXFileReference; lastKnownFileType = sourcecode.c.h; path = sAppDelegate.h; sourceTree = "<group>"; };
		B621AB1916F51D5100B853E4 /* sAppDelegate.m */ = {isa = PBXFileReference; lastKnownFileType = sourcecode.c.objc; path = sAppDelegate.m; sourceTree = "<group>"; };
		B621AB1B16F51D5100B853E4 /* Default.png */ = {isa = PBXFileReference; lastKnownFileType = image.png; path = Default.png; sourceTree = "<group>"; };
		B621AB1D16F51D5100B853E4 /* Default@2x.png */ = {isa = PBXFileReference; lastKnownFileType = image.png; path = "Default@2x.png"; sourceTree = "<group>"; };
		B621AB1F16F51D5100B853E4 /* Default-568h@2x.png */ = {isa = PBXFileReference; lastKnownFileType = image.png; path = "Default-568h@2x.png"; sourceTree = "<group>"; };
		B621AB2216F51D5100B853E4 /* en */ = {isa = PBXFileReference; lastKnownFileType = file.storyboard; name = en; path = en.lproj/MainStoryboard.storyboard; sourceTree = "<group>"; };
		B621AB2416F51D5100B853E4 /* sViewController.h */ = {isa = PBXFileReference; lastKnownFileType = sourcecode.c.h; path = sViewController.h; sourceTree = "<group>"; };
		B621AB2516F51D5100B853E4 /* sViewController.m */ = {isa = PBXFileReference; lastKnownFileType = sourcecode.c.objc; path = sViewController.m; sourceTree = "<group>"; };
		B621AB2C16F51D5100B853E4 /* FirstTests.octest */ = {isa = PBXFileReference; explicitFileType = wrapper.cfbundle; includeInIndex = 0; path = FirstTests.octest; sourceTree = BUILT_PRODUCTS_DIR; };
		B621AB2D16F51D5100B853E4 /* SenTestingKit.framework */ = {isa = PBXFileReference; lastKnownFileType = wrapper.framework; name = SenTestingKit.framework; path = Library/Frameworks/SenTestingKit.framework; sourceTree = DEVELOPER_DIR; };
		B621AB3516F51D5100B853E4 /* FirstTests-Info.plist */ = {isa = PBXFileReference; lastKnownFileType = text.plist.xml; path = "FirstTests-Info.plist"; sourceTree = "<group>"; };
		B621AB3716F51D5100B853E4 /* en */ = {isa = PBXFileReference; lastKnownFileType = text.plist.strings; name = en; path = en.lproj/InfoPlist.strings; sourceTree = "<group>"; };
		B621AB3916F51D5100B853E4 /* FirstTests.h */ = {isa = PBXFileReference; lastKnownFileType = sourcecode.c.h; path = FirstTests.h; sourceTree = "<group>"; };
		B621AB3A16F51D5100B853E4 /* FirstTests.m */ = {isa = PBXFileReference; lastKnownFileType = sourcecode.c.objc; path = FirstTests.m; sourceTree = "<group>"; };
/* End PBXFileReference section */

/* Begin PBXFrameworksBuildPhase section */
		B621AB0316F51D5100B853E4 /* Frameworks */ = {
			isa = PBXFrameworksBuildPhase;
			buildActionMask = 2147483647;
			files = (
				B621AB0A16F51D5100B853E4 /* UIKit.framework in Frameworks */,
				B621AB0C16F51D5100B853E4 /* Foundation.framework in Frameworks */,
				B621AB0E16F51D5100B853E4 /* CoreGraphics.framework in Frameworks */,
			);
			runOnlyForDeploymentPostprocessing = 0;
		};
		B621AB2816F51D5100B853E4 /* Frameworks */ = {
			isa = PBXFrameworksBuildPhase;
			buildActionMask = 2147483647;
			files = (
				B621AB2E16F51D5100B853E4 /* SenTestingKit.framework in Frameworks */,
				B621AB2F16F51D5100B853E4 /* UIKit.framework in Frameworks */,
				B621AB3016F51D5100B853E4 /* Foundation.framework in Frameworks */,
			);
			runOnlyForDeploymentPostprocessing = 0;
		};
/* End PBXFrameworksBuildPhase section */

/* Begin PBXGroup section */
		B621AAFD16F51D5100B853E4 = {
			isa = PBXGroup;
			children = (
				B621AB0F16F51D5100B853E4 /* First */,
				B621AB3316F51D5100B853E4 /* FirstTests */,
				B621AB0816F51D5100B853E4 /* Frameworks */,
				B621AB0716F51D5100B853E4 /* Products */,
			);
			sourceTree = "<group>";
		};
		B621AB0716F51D5100B853E4 /* Products */ = {
			isa = PBXGroup;
			children = (
				B621AB0616F51D5100B853E4 /* First.app */,
				B621AB2C16F51D5100B853E4 /* FirstTests.octest */,
			);
			name = Products;
			sourceTree = "<group>";
		};
		B621AB0816F51D5100B853E4 /* Frameworks */ = {
			isa = PBXGroup;
			children = (
				B621AB0916F51D5100B853E4 /* UIKit.framework */,
				B621AB0B16F51D5100B853E4 /* Foundation.framework */,
				B621AB0D16F51D5100B853E4 /* CoreGraphics.framework */,
				B621AB2D16F51D5100B853E4 /* SenTestingKit.framework */,
			);
			name = Frameworks;
			sourceTree = "<group>";
		};
		B621AB0F16F51D5100B853E4 /* First */ = {
			isa = PBXGroup;
			children = (
				B621AB1816F51D5100B853E4 /* sAppDelegate.h */,
				B621AB1916F51D5100B853E4 /* sAppDelegate.m */,
				B621AB2116F51D5100B853E4 /* MainStoryboard.storyboard */,
				B621AB2416F51D5100B853E4 /* sViewController.h */,
				B621AB2516F51D5100B853E4 /* sViewController.m */,
				B621AB1016F51D5100B853E4 /* Supporting Files */,
			);
			path = First;
			sourceTree = "<group>";
		};
		B621AB1016F51D5100B853E4 /* Supporting Files */ = {
			isa = PBXGroup;
			children = (
				B621AB1116F51D5100B853E4 /* First-Info.plist */,
				B621AB1216F51D5100B853E4 /* InfoPlist.strings */,
				B621AB1516F51D5100B853E4 /* main.m */,
				B621AB1716F51D5100B853E4 /* First-Prefix.pch */,
				B621AB1B16F51D5100B853E4 /* Default.png */,
				B621AB1D16F51D5100B853E4 /* Default@2x.png */,
				B621AB1F16F51D5100B853E4 /* Default-568h@2x.png */,
			);
			name = "Supporting Files";
			sourceTree = "<group>";
		};
		B621AB3316F51D5100B853E4 /* FirstTests */ = {
			isa = PBXGroup;
			children = (
				B621AB3916F51D5100B853E4 /* FirstTests.h */,
				B621AB3A16F51D5100B853E4 /* FirstTests.m */,
				B621AB3416F51D5100B853E4 /* Supporting Files */,
			);
			path = FirstTests;
			sourceTree = "<group>";
		};
		B621AB3416F51D5100B853E4 /* Supporting Files */ = {
			isa = PBXGroup;
			children = (
				B621AB3516F51D5100B853E4 /* FirstTests-Info.plist */,
				B621AB3616F51D5100B853E4 /* InfoPlist.strings */,
			);
			name = "Supporting Files";
			sourceTree = "<group>";
		};
/* End PBXGroup section */

/* Begin PBXNativeTarget section */
		B621AB0516F51D5100B853E4 /* First */ = {
			isa = PBXNativeTarget;
			buildConfigurationList = B621AB3E16F51D5100B853E4 /* Build configuration list for PBXNativeTarget "First" */;
			buildPhases = (
				B621AB0216F51D5100B853E4 /* Sources */,
				B621AB0316F51D5100B853E4 /* Frameworks */,
				B621AB0416F51D5100B853E4 /* Resources */,
			);
			buildRules = (
			);
			dependencies = (
			);
			name = First;
			productName = First;
			productReference = B621AB0616F51D5100B853E4 /* First.app */;
			productType = "com.apple.product-type.application";
		};
		B621AB2B16F51D5100B853E4 /* FirstTests */ = {
			isa = PBXNativeTarget;
			buildConfigurationList = B621AB4116F51D5100B853E4 /* Build configuration list for PBXNativeTarget "FirstTests" */;
			buildPhases = (
				B621AB2716F51D5100B853E4 /* Sources */,
				B621AB2816F51D5100B853E4 /* Frameworks */,
				B621AB2916F51D5100B853E4 /* Resources */,
				B621AB2A16F51D5100B853E4 /* ShellScript */,
			);
			buildRules = (
			);
			dependencies = (
				B621AB3216F51D5100B853E4 /* PBXTargetDependency */,
			);
			name = FirstTests;
			productName = FirstTests;
			productReference = B621AB2C16F51D5100B853E4 /* FirstTests.octest */;
			productType = "com.apple.product-type.bundle";
		};
/* End PBXNativeTarget section */

/* Begin PBXProject section */
		B621AAFE16F51D5100B853E4 /* Project object */ = {
			isa = PBXProject;
			attributes = {
				CLASSPREFIX = s;
				LastUpgradeCheck = 0460;
				ORGANIZATIONNAME = "Vladislav Petrov";
			};
			buildConfigurationList = B621AB0116F51D5100B853E4 /* Build configuration list for PBXProject "First" */;
			compatibilityVersion = "Xcode 3.2";
			developmentRegion = English;
			hasScannedForEncodings = 0;
			knownRegions = (
				en,
			);
			mainGroup = B621AAFD16F51D5100B853E4;
			productRefGroup = B621AB0716F51D5100B853E4 /* Products */;
			projectDirPath = "";
			projectRoot = "";
			targets = (
				B621AB0516F51D5100B853E4 /* First */,
				B621AB2B16F51D5100B853E4 /* FirstTests */,
			);
		};
/* End PBXProject section */

/* Begin PBXResourcesBuildPhase section */
		B621AB0416F51D5100B853E4 /* Resources */ = {
			isa = PBXResourcesBuildPhase;
			buildActionMask = 2147483647;
			files = (
				B621AB1416F51D5100B853E4 /* InfoPlist.strings in Resources */,
				B621AB1C16F51D5100B853E4 /* Default.png in Resources */,
				B621AB1E16F51D5100B853E4 /* Default@2x.png in Resources */,
				B621AB2016F51D5100B853E4 /* Default-568h@2x.png in Resources */,
				B621AB2316F51D5100B853E4 /* MainStoryboard.storyboard in Resources */,
			);
			runOnlyForDeploymentPostprocessing = 0;
		};
		B621AB2916F51D5100B853E4 /* Resources */ = {
			isa = PBXResourcesBuildPhase;
			buildActionMask = 2147483647;
			files = (
				B621AB3816F51D5100B853E4 /* InfoPlist.strings in Resources */,
			);
			runOnlyForDeploymentPostprocessing = 0;
		};
/* End PBXResourcesBuildPhase section */

/* Begin PBXShellScriptBuildPhase section */
		B621AB2A16F51D5100B853E4 /* ShellScript */ = {
			isa = PBXShellScriptBuildPhase;
			buildActionMask = 2147483647;
			files = (
			);
			inputPaths = (
			);
			outputPaths = (
			);
			runOnlyForDeploymentPostprocessing = 0;
			shellPath = /bin/sh;
			shellScript = "# Run the unit tests in this test bundle.\n\"${SYSTEM_DEVELOPER_DIR}/Tools/RunUnitTests\"\n";
		};
/* End PBXShellScriptBuildPhase section */

/* Begin PBXSourcesBuildPhase section */
		B621AB0216F51D5100B853E4 /* Sources */ = {
			isa = PBXSourcesBuildPhase;
			buildActionMask = 2147483647;
			files = (
				B621AB1616F51D5100B853E4 /* main.m in Sources */,
				B621AB1A16F51D5100B853E4 /* sAppDelegate.m in Sources */,
				B621AB2616F51D5100B853E4 /* sViewController.m in Sources */,
			);
			runOnlyForDeploymentPostprocessing = 0;
		};
		B621AB2716F51D5100B853E4 /* Sources */ = {
			isa = PBXSourcesBuildPhase;
			buildActionMask = 2147483647;
			files = (
				B621AB3B16F51D5100B853E4 /* FirstTests.m in Sources */,
			);
			runOnlyForDeploymentPostprocessing = 0;
		};
/* End PBXSourcesBuildPhase section */

/* Begin PBXTargetDependency section */
		B621AB3216F51D5100B853E4 /* PBXTargetDependency */ = {
			isa = PBXTargetDependency;
			target = B621AB0516F51D5100B853E4 /* First */;
			targetProxy = B621AB3116F51D5100B853E4 /* PBXContainerItemProxy */;
		};
/* End PBXTargetDependency section */

/* Begin PBXVariantGroup section */
		B621AB1216F51D5100B853E4 /* InfoPlist.strings */ = {
			isa = PBXVariantGroup;
			children = (
				B621AB1316F51D5100B853E4 /* en */,
			);
			name = InfoPlist.strings;
			sourceTree = "<group>";
		};
		B621AB2116F51D5100B853E4 /* MainStoryboard.storyboard */ = {
			isa = PBXVariantGroup;
			children = (
				B621AB2216F51D5100B853E4 /* en */,
			);
			name = MainStoryboard.storyboard;
			sourceTree = "<group>";
		};
		B621AB3616F51D5100B853E4 /* InfoPlist.strings */ = {
			isa = PBXVariantGroup;
			children = (
				B621AB3716F51D5100B853E4 /* en */,
			);
			name = InfoPlist.strings;
			sourceTree = "<group>";
		};
/* End PBXVariantGroup section */

/* Begin XCBuildConfiguration section */
		B621AB3C16F51D5100B853E4 /* Debug */ = {
			isa = XCBuildConfiguration;
			buildSettings = {
				ALWAYS_SEARCH_USER_PATHS = NO;
				CLANG_CXX_LANGUAGE_STANDARD = "gnu++0x";
				CLANG_CXX_LIBRARY = "libc++";
				CLANG_WARN_CONSTANT_CONVERSION = YES;
				CLANG_WARN_EMPTY_BODY = YES;
				CLANG_WARN_ENUM_CONVERSION = YES;
				CLANG_WARN_INT_CONVERSION = YES;
				CLANG_WARN__DUPLICATE_METHOD_MATCH = YES;
				"CODE_SIGN_IDENTITY[sdk=iphoneos*]" = "iPhone Developer";
				COPY_PHASE_STRIP = NO;
				GCC_C_LANGUAGE_STANDARD = gnu99;
				GCC_DYNAMIC_NO_PIC = NO;
				GCC_OPTIMIZATION_LEVEL = 0;
				GCC_PREPROCESSOR_DEFINITIONS = (
					"DEBUG=1",
					"$(inherited)",
				);
				GCC_SYMBOLS_PRIVATE_EXTERN = NO;
				GCC_WARN_ABOUT_RETURN_TYPE = YES;
				GCC_WARN_UNINITIALIZED_AUTOS = YES;
				GCC_WARN_UNUSED_VARIABLE = YES;
				IPHONEOS_DEPLOYMENT_TARGET = 6.1;
				ONLY_ACTIVE_ARCH = YES;
				SDKROOT = iphoneos;
				TARGETED_DEVICE_FAMILY = 2;
			};
			name = Debug;
		};
		B621AB3D16F51D5100B853E4 /* Release */ = {
			isa = XCBuildConfiguration;
			buildSettings = {
				ALWAYS_SEARCH_USER_PATHS = NO;
				CLANG_CXX_LANGUAGE_STANDARD = "gnu++0x";
				CLANG_CXX_LIBRARY = "libc++";
				CLANG_WARN_CONSTANT_CONVERSION = YES;
				CLANG_WARN_EMPTY_BODY = YES;
				CLANG_WARN_ENUM_CONVERSION = YES;
				CLANG_WARN_INT_CONVERSION = YES;
				CLANG_WARN__DUPLICATE_METHOD_MATCH = YES;
				"CODE_SIGN_IDENTITY[sdk=iphoneos*]" = "iPhone Developer";
				COPY_PHASE_STRIP = YES;
				GCC_C_LANGUAGE_STANDARD = gnu99;
				GCC_WARN_ABOUT_RETURN_TYPE = YES;
				GCC_WARN_UNINITIALIZED_AUTOS = YES;
				GCC_WARN_UNUSED_VARIABLE = YES;
				IPHONEOS_DEPLOYMENT_TARGET = 6.1;
				OTHER_CFLAGS = "-DNS_BLOCK_ASSERTIONS=1";
				SDKROOT = iphoneos;
				TARGETED_DEVICE_FAMILY = 2;
				VALIDATE_PRODUCT = YES;
			};
			name = Release;
		};
		B621AB3F16F51D5100B853E4 /* Debug */ = {
			isa = XCBuildConfiguration;
			buildSettings = {
				GCC_PRECOMPILE_PREFIX_HEADER = YES;
				GCC_PREFIX_HEADER = "First/First-Prefix.pch";
				INFOPLIST_FILE = "First/First-Info.plist";
				PRODUCT_NAME = "$(TARGET_NAME)";
				WRAPPER_EXTENSION = app;
			};
			name = Debug;
		};
		B621AB4016F51D5100B853E4 /* Release */ = {
			isa = XCBuildConfiguration;
			buildSettings = {
				GCC_PRECOMPILE_PREFIX_HEADER = YES;
				GCC_PREFIX_HEADER = "First/First-Prefix.pch";
				INFOPLIST_FILE = "First/First-Info.plist";
				PRODUCT_NAME = "$(TARGET_NAME)";
				WRAPPER_EXTENSION = app;
			};
			name = Release;
		};
		B621AB4216F51D5100B853E4 /* Debug */ = {
			isa = XCBuildConfiguration;
			buildSettings = {
				BUNDLE_LOADER = "$(BUILT_PRODUCTS_DIR)/First.app/First";
				FRAMEWORK_SEARCH_PATHS = (
					"\"$(SDKROOT)/Developer/Library/Frameworks\"",
					"\"$(DEVELOPER_LIBRARY_DIR)/Frameworks\"",
				);
				GCC_PRECOMPILE_PREFIX_HEADER = YES;
				GCC_PREFIX_HEADER = "First/First-Prefix.pch";
				INFOPLIST_FILE = "FirstTests/FirstTests-Info.plist";
				PRODUCT_NAME = "$(TARGET_NAME)";
				TEST_HOST = "$(BUNDLE_LOADER)";
				WRAPPER_EXTENSION = octest;
			};
			name = Debug;
		};
		B621AB4316F51D5100B853E4 /* Release */ = {
			isa = XCBuildConfiguration;
			buildSettings = {
				BUNDLE_LOADER = "$(BUILT_PRODUCTS_DIR)/First.app/First";
				FRAMEWORK_SEARCH_PATHS = (
					"\"$(SDKROOT)/Developer/Library/Frameworks\"",
					"\"$(DEVELOPER_LIBRARY_DIR)/Frameworks\"",
				);
				GCC_PRECOMPILE_PREFIX_HEADER = YES;
				GCC_PREFIX_HEADER = "First/First-Prefix.pch";
				INFOPLIST_FILE = "FirstTests/FirstTests-Info.plist";
				PRODUCT_NAME = "$(TARGET_NAME)";
				TEST_HOST = "$(BUNDLE_LOADER)";
				WRAPPER_EXTENSION = octest;
			};
			name = Release;
		};
/* End XCBuildConfiguration section */

/* Begin XCConfigurationList section */
		B621AB0116F51D5100B853E4 /* Build configuration list for PBXProject "First" */ = {
			isa = XCConfigurationList;
			buildConfigurations = (
				B621AB3C16F51D5100B853E4 /* Debug */,
				B621AB3D16F51D5100B853E4 /* Release */,
			);
			defaultConfigurationIsVisible = 0;
			defaultConfigurationName = Release;
		};
		B621AB3E16F51D5100B853E4 /* Build configuration list for PBXNativeTarget "First" */ = {
			isa = XCConfigurationList;
			buildConfigurations = (
				B621AB3F16F51D5100B853E4 /* Debug */,
				B621AB4016F51D5100B853E4 /* Release */,
			);
			defaultConfigurationIsVisible = 0;
		};
		B621AB4116F51D5100B853E4 /* Build configuration list for PBXNativeTarget "FirstTests" */ = {
			isa = XCConfigurationList;
			buildConfigurations = (
				B621AB4216F51D5100B853E4 /* Debug */,
				B621AB4316F51D5100B853E4 /* Release */,
			);
			defaultConfigurationIsVisible = 0;
		};
/* End XCConfigurationList section */
	};
	rootObject = B621AAFE16F51D5100B853E4 /* Project object */;
}
