// !$*UTF8*$!
{
	archiveVersion = 1;
	classes = {
	};
	objectVersion = 46;
	objects = {

/* Begin PBXBuildFile section */
		B621AAC716F50D6B00B853E4 /* UIKit.framework in Frameworks */ = {isa = PBXBuildFile; fileRef = B621AAC616F50D6B00B853E4 /* UIKit.framework */; };
		B621AAC916F50D6B00B853E4 /* Foundation.framework in Frameworks */ = {isa = PBXBuildFile; fileRef = B621AAC816F50D6B00B853E4 /* Foundation.framework */; };
		B621AACB16F50D6B00B853E4 /* CoreGraphics.framework in Frameworks */ = {isa = PBXBuildFile; fileRef = B621AACA16F50D6B00B853E4 /* CoreGraphics.framework */; };
		B621AAD116F50D6B00B853E4 /* InfoPlist.strings in Resources */ = {isa = PBXBuildFile; fileRef = B621AACF16F50D6B00B853E4 /* InfoPlist.strings */; };
		B621AAD316F50D6B00B853E4 /* main.m in Sources */ = {isa = PBXBuildFile; fileRef = B621AAD216F50D6B00B853E4 /* main.m */; };
		B621AAD716F50D6B00B853E4 /* sAppDelegate.m in Sources */ = {isa = PBXBuildFile; fileRef = B621AAD616F50D6B00B853E4 /* sAppDelegate.m */; };
		B621AAD916F50D6B00B853E4 /* Default.png in Resources */ = {isa = PBXBuildFile; fileRef = B621AAD816F50D6B00B853E4 /* Default.png */; };
		B621AADB16F50D6B00B853E4 /* Default@2x.png in Resources */ = {isa = PBXBuildFile; fileRef = B621AADA16F50D6B00B853E4 /* Default@2x.png */; };
		B621AADD16F50D6B00B853E4 /* Default-568h@2x.png in Resources */ = {isa = PBXBuildFile; fileRef = B621AADC16F50D6B00B853E4 /* Default-568h@2x.png */; };
		B621AAE516F50D6B00B853E4 /* SenTestingKit.framework in Frameworks */ = {isa = PBXBuildFile; fileRef = B621AAE416F50D6B00B853E4 /* SenTestingKit.framework */; };
		B621AAE616F50D6B00B853E4 /* UIKit.framework in Frameworks */ = {isa = PBXBuildFile; fileRef = B621AAC616F50D6B00B853E4 /* UIKit.framework */; };
		B621AAE716F50D6B00B853E4 /* Foundation.framework in Frameworks */ = {isa = PBXBuildFile; fileRef = B621AAC816F50D6B00B853E4 /* Foundation.framework */; };
		B621AAEF16F50D6C00B853E4 /* InfoPlist.strings in Resources */ = {isa = PBXBuildFile; fileRef = B621AAED16F50D6C00B853E4 /* InfoPlist.strings */; };
		B621AAF216F50D6C00B853E4 /* EmptyTests.m in Sources */ = {isa = PBXBuildFile; fileRef = B621AAF116F50D6C00B853E4 /* EmptyTests.m */; };
/* End PBXBuildFile section */

/* Begin PBXContainerItemProxy section */
		B621AAE816F50D6C00B853E4 /* PBXContainerItemProxy */ = {
			isa = PBXContainerItemProxy;
			containerPortal = B621AABB16F50D6B00B853E4 /* Project object */;
			proxyType = 1;
			remoteGlobalIDString = B621AAC216F50D6B00B853E4;
			remoteInfo = Empty;
		};
/* End PBXContainerItemProxy section */

/* Begin PBXFileReference section */
		B621AAC316F50D6B00B853E4 /* Empty.app */ = {isa = PBXFileReference; explicitFileType = wrapper.application; includeInIndex = 0; path = Empty.app; sourceTree = BUILT_PRODUCTS_DIR; };
		B621AAC616F50D6B00B853E4 /* UIKit.framework */ = {isa = PBXFileReference; lastKnownFileType = wrapper.framework; name = UIKit.framework; path = System/Library/Frameworks/UIKit.framework; sourceTree = SDKROOT; };
		B621AAC816F50D6B00B853E4 /* Foundation.framework */ = {isa = PBXFileReference; lastKnownFileType = wrapper.framework; name = Foundation.framework; path = System/Library/Frameworks/Foundation.framework; sourceTree = SDKROOT; };
		B621AACA16F50D6B00B853E4 /* CoreGraphics.framework */ = {isa = PBXFileReference; lastKnownFileType = wrapper.framework; name = CoreGraphics.framework; path = System/Library/Frameworks/CoreGraphics.framework; sourceTree = SDKROOT; };
		B621AACE16F50D6B00B853E4 /* Empty-Info.plist */ = {isa = PBXFileReference; lastKnownFileType = text.plist.xml; path = "Empty-Info.plist"; sourceTree = "<group>"; };
		B621AAD016F50D6B00B853E4 /* en */ = {isa = PBXFileReference; lastKnownFileType = text.plist.strings; name = en; path = en.lproj/InfoPlist.strings; sourceTree = "<group>"; };
		B621AAD216F50D6B00B853E4 /* main.m */ = {isa = PBXFileReference; lastKnownFileType = sourcecode.c.objc; path = main.m; sourceTree = "<group>"; };
		B621AAD416F50D6B00B853E4 /* Empty-Prefix.pch */ = {isa = PBXFileReference; lastKnownFileType = sourcecode.c.h; path = "Empty-Prefix.pch"; sourceTree = "<group>"; };
		B621AAD516F50D6B00B853E4 /* sAppDelegate.h */ = {isa = PBXFileReference; lastKnownFileType = sourcecode.c.h; path = sAppDelegate.h; sourceTree = "<group>"; };
		B621AAD616F50D6B00B853E4 /* sAppDelegate.m */ = {isa = PBXFileReference; lastKnownFileType = sourcecode.c.objc; path = sAppDelegate.m; sourceTree = "<group>"; };
		B621AAD816F50D6B00B853E4 /* Default.png */ = {isa = PBXFileReference; lastKnownFileType = image.png; path = Default.png; sourceTree = "<group>"; };
		B621AADA16F50D6B00B853E4 /* Default@2x.png */ = {isa = PBXFileReference; lastKnownFileType = image.png; path = "Default@2x.png"; sourceTree = "<group>"; };
		B621AADC16F50D6B00B853E4 /* Default-568h@2x.png */ = {isa = PBXFileReference; lastKnownFileType = image.png; path = "Default-568h@2x.png"; sourceTree = "<group>"; };
		B621AAE316F50D6B00B853E4 /* EmptyTests.octest */ = {isa = PBXFileReference; explicitFileType = wrapper.cfbundle; includeInIndex = 0; path = EmptyTests.octest; sourceTree = BUILT_PRODUCTS_DIR; };
		B621AAE416F50D6B00B853E4 /* SenTestingKit.framework */ = {isa = PBXFileReference; lastKnownFileType = wrapper.framework; name = SenTestingKit.framework; path = Library/Frameworks/SenTestingKit.framework; sourceTree = DEVELOPER_DIR; };
		B621AAEC16F50D6C00B853E4 /* EmptyTests-Info.plist */ = {isa = PBXFileReference; lastKnownFileType = text.plist.xml; path = "EmptyTests-Info.plist"; sourceTree = "<group>"; };
		B621AAEE16F50D6C00B853E4 /* en */ = {isa = PBXFileReference; lastKnownFileType = text.plist.strings; name = en; path = en.lproj/InfoPlist.strings; sourceTree = "<group>"; };
		B621AAF016F50D6C00B853E4 /* EmptyTests.h */ = {isa = PBXFileReference; lastKnownFileType = sourcecode.c.h; path = EmptyTests.h; sourceTree = "<group>"; };
		B621AAF116F50D6C00B853E4 /* EmptyTests.m */ = {isa = PBXFileReference; lastKnownFileType = sourcecode.c.objc; path = EmptyTests.m; sourceTree = "<group>"; };
/* End PBXFileReference section */

/* Begin PBXFrameworksBuildPhase section */
		B621AAC016F50D6B00B853E4 /* Frameworks */ = {
			isa = PBXFrameworksBuildPhase;
			buildActionMask = 2147483647;
			files = (
				B621AAC716F50D6B00B853E4 /* UIKit.framework in Frameworks */,
				B621AAC916F50D6B00B853E4 /* Foundation.framework in Frameworks */,
				B621AACB16F50D6B00B853E4 /* CoreGraphics.framework in Frameworks */,
			);
			runOnlyForDeploymentPostprocessing = 0;
		};
		B621AADF16F50D6B00B853E4 /* Frameworks */ = {
			isa = PBXFrameworksBuildPhase;
			buildActionMask = 2147483647;
			files = (
				B621AAE516F50D6B00B853E4 /* SenTestingKit.framework in Frameworks */,
				B621AAE616F50D6B00B853E4 /* UIKit.framework in Frameworks */,
				B621AAE716F50D6B00B853E4 /* Foundation.framework in Frameworks */,
			);
			runOnlyForDeploymentPostprocessing = 0;
		};
/* End PBXFrameworksBuildPhase section */

/* Begin PBXGroup section */
		B621AABA16F50D6B00B853E4 = {
			isa = PBXGroup;
			children = (
				B621AACC16F50D6B00B853E4 /* Empty */,
				B621AAEA16F50D6C00B853E4 /* EmptyTests */,
				B621AAC516F50D6B00B853E4 /* Frameworks */,
				B621AAC416F50D6B00B853E4 /* Products */,
			);
			sourceTree = "<group>";
		};
		B621AAC416F50D6B00B853E4 /* Products */ = {
			isa = PBXGroup;
			children = (
				B621AAC316F50D6B00B853E4 /* Empty.app */,
				B621AAE316F50D6B00B853E4 /* EmptyTests.octest */,
			);
			name = Products;
			sourceTree = "<group>";
		};
		B621AAC516F50D6B00B853E4 /* Frameworks */ = {
			isa = PBXGroup;
			children = (
				B621AAC616F50D6B00B853E4 /* UIKit.framework */,
				B621AAC816F50D6B00B853E4 /* Foundation.framework */,
				B621AACA16F50D6B00B853E4 /* CoreGraphics.framework */,
				B621AAE416F50D6B00B853E4 /* SenTestingKit.framework */,
			);
			name = Frameworks;
			sourceTree = "<group>";
		};
		B621AACC16F50D6B00B853E4 /* Empty */ = {
			isa = PBXGroup;
			children = (
				B621AAD516F50D6B00B853E4 /* sAppDelegate.h */,
				B621AAD616F50D6B00B853E4 /* sAppDelegate.m */,
				B621AACD16F50D6B00B853E4 /* Supporting Files */,
			);
			path = Empty;
			sourceTree = "<group>";
		};
		B621AACD16F50D6B00B853E4 /* Supporting Files */ = {
			isa = PBXGroup;
			children = (
				B621AACE16F50D6B00B853E4 /* Empty-Info.plist */,
				B621AACF16F50D6B00B853E4 /* InfoPlist.strings */,
				B621AAD216F50D6B00B853E4 /* main.m */,
				B621AAD416F50D6B00B853E4 /* Empty-Prefix.pch */,
				B621AAD816F50D6B00B853E4 /* Default.png */,
				B621AADA16F50D6B00B853E4 /* Default@2x.png */,
				B621AADC16F50D6B00B853E4 /* Default-568h@2x.png */,
			);
			name = "Supporting Files";
			sourceTree = "<group>";
		};
		B621AAEA16F50D6C00B853E4 /* EmptyTests */ = {
			isa = PBXGroup;
			children = (
				B621AAF016F50D6C00B853E4 /* EmptyTests.h */,
				B621AAF116F50D6C00B853E4 /* EmptyTests.m */,
				B621AAEB16F50D6C00B853E4 /* Supporting Files */,
			);
			path = EmptyTests;
			sourceTree = "<group>";
		};
		B621AAEB16F50D6C00B853E4 /* Supporting Files */ = {
			isa = PBXGroup;
			children = (
				B621AAEC16F50D6C00B853E4 /* EmptyTests-Info.plist */,
				B621AAED16F50D6C00B853E4 /* InfoPlist.strings */,
			);
			name = "Supporting Files";
			sourceTree = "<group>";
		};
/* End PBXGroup section */

/* Begin PBXNativeTarget section */
		B621AAC216F50D6B00B853E4 /* Empty */ = {
			isa = PBXNativeTarget;
			buildConfigurationList = B621AAF516F50D6C00B853E4 /* Build configuration list for PBXNativeTarget "Empty" */;
			buildPhases = (
				B621AABF16F50D6B00B853E4 /* Sources */,
				B621AAC016F50D6B00B853E4 /* Frameworks */,
				B621AAC116F50D6B00B853E4 /* Resources */,
			);
			buildRules = (
			);
			dependencies = (
			);
			name = Empty;
			productName = Empty;
			productReference = B621AAC316F50D6B00B853E4 /* Empty.app */;
			productType = "com.apple.product-type.application";
		};
		B621AAE216F50D6B00B853E4 /* EmptyTests */ = {
			isa = PBXNativeTarget;
			buildConfigurationList = B621AAF816F50D6C00B853E4 /* Build configuration list for PBXNativeTarget "EmptyTests" */;
			buildPhases = (
				B621AADE16F50D6B00B853E4 /* Sources */,
				B621AADF16F50D6B00B853E4 /* Frameworks */,
				B621AAE016F50D6B00B853E4 /* Resources */,
				B621AAE116F50D6B00B853E4 /* ShellScript */,
			);
			buildRules = (
			);
			dependencies = (
				B621AAE916F50D6C00B853E4 /* PBXTargetDependency */,
			);
			name = EmptyTests;
			productName = EmptyTests;
			productReference = B621AAE316F50D6B00B853E4 /* EmptyTests.octest */;
			productType = "com.apple.product-type.bundle";
		};
/* End PBXNativeTarget section */

/* Begin PBXProject section */
		B621AABB16F50D6B00B853E4 /* Project object */ = {
			isa = PBXProject;
			attributes = {
				CLASSPREFIX = s;
				LastUpgradeCheck = 0460;
				ORGANIZATIONNAME = "Vladislav Petrov";
			};
			buildConfigurationList = B621AABE16F50D6B00B853E4 /* Build configuration list for PBXProject "Empty" */;
			compatibilityVersion = "Xcode 3.2";
			developmentRegion = English;
			hasScannedForEncodings = 0;
			knownRegions = (
				en,
			);
			mainGroup = B621AABA16F50D6B00B853E4;
			productRefGroup = B621AAC416F50D6B00B853E4 /* Products */;
			projectDirPath = "";
			projectRoot = "";
			targets = (
				B621AAC216F50D6B00B853E4 /* Empty */,
				B621AAE216F50D6B00B853E4 /* EmptyTests */,
			);
		};
/* End PBXProject section */

/* Begin PBXResourcesBuildPhase section */
		B621AAC116F50D6B00B853E4 /* Resources */ = {
			isa = PBXResourcesBuildPhase;
			buildActionMask = 2147483647;
			files = (
				B621AAD116F50D6B00B853E4 /* InfoPlist.strings in Resources */,
				B621AAD916F50D6B00B853E4 /* Default.png in Resources */,
				B621AADB16F50D6B00B853E4 /* Default@2x.png in Resources */,
				B621AADD16F50D6B00B853E4 /* Default-568h@2x.png in Resources */,
			);
			runOnlyForDeploymentPostprocessing = 0;
		};
		B621AAE016F50D6B00B853E4 /* Resources */ = {
			isa = PBXResourcesBuildPhase;
			buildActionMask = 2147483647;
			files = (
				B621AAEF16F50D6C00B853E4 /* InfoPlist.strings in Resources */,
			);
			runOnlyForDeploymentPostprocessing = 0;
		};
/* End PBXResourcesBuildPhase section */

/* Begin PBXShellScriptBuildPhase section */
		B621AAE116F50D6B00B853E4 /* ShellScript */ = {
			isa = PBXShellScriptBuildPhase;
			buildActionMask = 2147483647;
			files = (
			);
			inputPaths = (
			);
			outputPaths = (
			);
			runOnlyForDeploymentPostprocessing = 0;
			shellPath = /bin/sh;
			shellScript = "# Run the unit tests in this test bundle.\n\"${SYSTEM_DEVELOPER_DIR}/Tools/RunUnitTests\"\n";
		};
/* End PBXShellScriptBuildPhase section */

/* Begin PBXSourcesBuildPhase section */
		B621AABF16F50D6B00B853E4 /* Sources */ = {
			isa = PBXSourcesBuildPhase;
			buildActionMask = 2147483647;
			files = (
				B621AAD316F50D6B00B853E4 /* main.m in Sources */,
				B621AAD716F50D6B00B853E4 /* sAppDelegate.m in Sources */,
			);
			runOnlyForDeploymentPostprocessing = 0;
		};
		B621AADE16F50D6B00B853E4 /* Sources */ = {
			isa = PBXSourcesBuildPhase;
			buildActionMask = 2147483647;
			files = (
				B621AAF216F50D6C00B853E4 /* EmptyTests.m in Sources */,
			);
			runOnlyForDeploymentPostprocessing = 0;
		};
/* End PBXSourcesBuildPhase section */

/* Begin PBXTargetDependency section */
		B621AAE916F50D6C00B853E4 /* PBXTargetDependency */ = {
			isa = PBXTargetDependency;
			target = B621AAC216F50D6B00B853E4 /* Empty */;
			targetProxy = B621AAE816F50D6C00B853E4 /* PBXContainerItemProxy */;
		};
/* End PBXTargetDependency section */

/* Begin PBXVariantGroup section */
		B621AACF16F50D6B00B853E4 /* InfoPlist.strings */ = {
			isa = PBXVariantGroup;
			children = (
				B621AAD016F50D6B00B853E4 /* en */,
			);
			name = InfoPlist.strings;
			sourceTree = "<group>";
		};
		B621AAED16F50D6C00B853E4 /* InfoPlist.strings */ = {
			isa = PBXVariantGroup;
			children = (
				B621AAEE16F50D6C00B853E4 /* en */,
			);
			name = InfoPlist.strings;
			sourceTree = "<group>";
		};
/* End PBXVariantGroup section */

/* Begin XCBuildConfiguration section */
		B621AAF316F50D6C00B853E4 /* Debug */ = {
			isa = XCBuildConfiguration;
			buildSettings = {
				ALWAYS_SEARCH_USER_PATHS = NO;
				CLANG_CXX_LANGUAGE_STANDARD = "gnu++0x";
				CLANG_CXX_LIBRARY = "libc++";
				CLANG_WARN_CONSTANT_CONVERSION = YES;
				CLANG_WARN_EMPTY_BODY = YES;
				CLANG_WARN_ENUM_CONVERSION = YES;
				CLANG_WARN_INT_CONVERSION = YES;
				CLANG_WARN__DUPLICATE_METHOD_MATCH = YES;
				"CODE_SIGN_IDENTITY[sdk=iphoneos*]" = "iPhone Developer";
				COPY_PHASE_STRIP = NO;
				GCC_C_LANGUAGE_STANDARD = gnu99;
				GCC_DYNAMIC_NO_PIC = NO;
				GCC_OPTIMIZATION_LEVEL = 0;
				GCC_PREPROCESSOR_DEFINITIONS = (
					"DEBUG=1",
					"$(inherited)",
				);
				GCC_SYMBOLS_PRIVATE_EXTERN = NO;
				GCC_WARN_ABOUT_RETURN_TYPE = YES;
				GCC_WARN_UNINITIALIZED_AUTOS = YES;
				GCC_WARN_UNUSED_VARIABLE = YES;
				IPHONEOS_DEPLOYMENT_TARGET = 6.1;
				ONLY_ACTIVE_ARCH = YES;
				SDKROOT = iphoneos;
				TARGETED_DEVICE_FAMILY = 2;
			};
			name = Debug;
		};
		B621AAF416F50D6C00B853E4 /* Release */ = {
			isa = XCBuildConfiguration;
			buildSettings = {
				ALWAYS_SEARCH_USER_PATHS = NO;
				CLANG_CXX_LANGUAGE_STANDARD = "gnu++0x";
				CLANG_CXX_LIBRARY = "libc++";
				CLANG_WARN_CONSTANT_CONVERSION = YES;
				CLANG_WARN_EMPTY_BODY = YES;
				CLANG_WARN_ENUM_CONVERSION = YES;
				CLANG_WARN_INT_CONVERSION = YES;
				CLANG_WARN__DUPLICATE_METHOD_MATCH = YES;
				"CODE_SIGN_IDENTITY[sdk=iphoneos*]" = "iPhone Developer";
				COPY_PHASE_STRIP = YES;
				GCC_C_LANGUAGE_STANDARD = gnu99;
				GCC_WARN_ABOUT_RETURN_TYPE = YES;
				GCC_WARN_UNINITIALIZED_AUTOS = YES;
				GCC_WARN_UNUSED_VARIABLE = YES;
				IPHONEOS_DEPLOYMENT_TARGET = 6.1;
				OTHER_CFLAGS = "-DNS_BLOCK_ASSERTIONS=1";
				SDKROOT = iphoneos;
				TARGETED_DEVICE_FAMILY = 2;
				VALIDATE_PRODUCT = YES;
			};
			name = Release;
		};
		B621AAF616F50D6C00B853E4 /* Debug */ = {
			isa = XCBuildConfiguration;
			buildSettings = {
				GCC_PRECOMPILE_PREFIX_HEADER = YES;
				GCC_PREFIX_HEADER = "Empty/Empty-Prefix.pch";
				INFOPLIST_FILE = "Empty/Empty-Info.plist";
				PRODUCT_NAME = "$(TARGET_NAME)";
				WRAPPER_EXTENSION = app;
			};
			name = Debug;
		};
		B621AAF716F50D6C00B853E4 /* Release */ = {
			isa = XCBuildConfiguration;
			buildSettings = {
				GCC_PRECOMPILE_PREFIX_HEADER = YES;
				GCC_PREFIX_HEADER = "Empty/Empty-Prefix.pch";
				INFOPLIST_FILE = "Empty/Empty-Info.plist";
				PRODUCT_NAME = "$(TARGET_NAME)";
				WRAPPER_EXTENSION = app;
			};
			name = Release;
		};
		B621AAF916F50D6C00B853E4 /* Debug */ = {
			isa = XCBuildConfiguration;
			buildSettings = {
				BUNDLE_LOADER = "$(BUILT_PRODUCTS_DIR)/Empty.app/Empty";
				FRAMEWORK_SEARCH_PATHS = (
					"\"$(SDKROOT)/Developer/Library/Frameworks\"",
					"\"$(DEVELOPER_LIBRARY_DIR)/Frameworks\"",
				);
				GCC_PRECOMPILE_PREFIX_HEADER = YES;
				GCC_PREFIX_HEADER = "Empty/Empty-Prefix.pch";
				INFOPLIST_FILE = "EmptyTests/EmptyTests-Info.plist";
				PRODUCT_NAME = "$(TARGET_NAME)";
				TEST_HOST = "$(BUNDLE_LOADER)";
				WRAPPER_EXTENSION = octest;
			};
			name = Debug;
		};
		B621AAFA16F50D6C00B853E4 /* Release */ = {
			isa = XCBuildConfiguration;
			buildSettings = {
				BUNDLE_LOADER = "$(BUILT_PRODUCTS_DIR)/Empty.app/Empty";
				FRAMEWORK_SEARCH_PATHS = (
					"\"$(SDKROOT)/Developer/Library/Frameworks\"",
					"\"$(DEVELOPER_LIBRARY_DIR)/Frameworks\"",
				);
				GCC_PRECOMPILE_PREFIX_HEADER = YES;
				GCC_PREFIX_HEADER = "Empty/Empty-Prefix.pch";
				INFOPLIST_FILE = "EmptyTests/EmptyTests-Info.plist";
				PRODUCT_NAME = "$(TARGET_NAME)";
				TEST_HOST = "$(BUNDLE_LOADER)";
				WRAPPER_EXTENSION = octest;
			};
			name = Release;
		};
/* End XCBuildConfiguration section */

/* Begin XCConfigurationList section */
		B621AABE16F50D6B00B853E4 /* Build configuration list for PBXProject "Empty" */ = {
			isa = XCConfigurationList;
			buildConfigurations = (
				B621AAF316F50D6C00B853E4 /* Debug */,
				B621AAF416F50D6C00B853E4 /* Release */,
			);
			defaultConfigurationIsVisible = 0;
			defaultConfigurationName = Release;
		};
		B621AAF516F50D6C00B853E4 /* Build configuration list for PBXNativeTarget "Empty" */ = {
			isa = XCConfigurationList;
			buildConfigurations = (
				B621AAF616F50D6C00B853E4 /* Debug */,
				B621AAF716F50D6C00B853E4 /* Release */,
			);
			defaultConfigurationIsVisible = 0;
		};
		B621AAF816F50D6C00B853E4 /* Build configuration list for PBXNativeTarget "EmptyTests" */ = {
			isa = XCConfigurationList;
			buildConfigurations = (
				B621AAF916F50D6C00B853E4 /* Debug */,
				B621AAFA16F50D6C00B853E4 /* Release */,
			);
			defaultConfigurationIsVisible = 0;
		};
/* End XCConfigurationList section */
	};
	rootObject = B621AABB16F50D6B00B853E4 /* Project object */;
}
